{
  "requires": true,
  "lockfileVersion": 1,
  "dependencies": {
    "string-replace-async": {
      "version": "2.0.0",
      "resolved": "https://registry.npmjs.org/string-replace-async/-/string-replace-async-2.0.0.tgz",
      "integrity": "sha512-AHMupZscUiDh07F1QziX7PLoB1DQ/pzu19vc8Xa8LwZcgnOXaw7yCgBuSYrxVEfaM2d8scc3Gtp+i+QJZV+spw=="
    }
  }
}
